
Microsoft Visual Studio Solution File, Format Version 12.00
# Visual Studio 15
VisualStudioVersion = 15.0.27703.2018
MinimumVisualStudioVersion = 10.0.40219.1
Project("{FAE04EC0-301F-11D3-BF4B-00C04F79EFBC}") = "MessagingApp.Android", "MessagingApp\MessagingApp.Android\MessagingApp.Android.csproj", "{3BEF3F98-6CA8-4572-BC40-B1676480EE3E}"
EndProject
Project("{D954291E-2A0B-460D-934E-DC6B0785DB48}") = "MessagingApp", "MessagingApp\MessagingApp\MessagingApp.shproj", "{A93E30E0-C436-42BB-8B79-B6A2B94CE08C}"
EndProject
Global
	GlobalSection(SharedMSBuildProjectFiles) = preSolution
		MessagingApp\MessagingApp\MessagingApp.projitems*{3bef3f98-6ca8-4572-bc40-b1676480ee3e}*SharedItemsImports = 4
		MessagingApp\MessagingApp\MessagingApp.projitems*{a93e30e0-c436-42bb-8b79-b6a2b94ce08c}*SharedItemsImports = 13
	EndGlobalSection
	GlobalSection(SolutionConfigurationPlatforms) = preSolution
		Debug|Any CPU = Debug|Any CPU
		Release|Any CPU = Release|Any CPU
	EndGlobalSection
	GlobalSection(ProjectConfigurationPlatforms) = postSolution
		{3BEF3F98-6CA8-4572-BC40-B1676480EE3E}.Debug|Any CPU.ActiveCfg = Debug|Any CPU
		{3BEF3F98-6CA8-4572-BC40-B1676480EE3E}.Debug|Any CPU.Build.0 = Debug|Any CPU
		{3BEF3F98-6CA8-4572-BC40-B1676480EE3E}.Debug|Any CPU.Deploy.0 = Debug|Any CPU
		{3BEF3F98-6CA8-4572-BC40-B1676480EE3E}.Release|Any CPU.ActiveCfg = Release|Any CPU
		{3BEF3F98-6CA8-4572-BC40-B1676480EE3E}.Release|Any CPU.Build.0 = Release|Any CPU
		{3BEF3F98-6CA8-4572-BC40-B1676480EE3E}.Release|Any CPU.Deploy.0 = Release|Any CPU
	EndGlobalSection
	GlobalSection(SolutionProperties) = preSolution
		HideSolutionNode = FALSE
	EndGlobalSection
	GlobalSection(ExtensibilityGlobals) = postSolution
		SolutionGuid = {EA99A50C-F4AA-4240-B235-AA5FD4C274E5}
	EndGlobalSection
EndGlobal
